// !$*UTF8*$!
{
	archiveVersion = 1;
	classes = {
	};
	objectVersion = 56;
	objects = {

/* Begin PBXBuildFile section */
		287CA73E2C1F3FD700802FCB /* Models in Resources */ = {isa = PBXBuildFile; fileRef = 287CA7382C1F3FD700802FCB /* Models */; };
		287CA73F2C1F3FD700802FCB /* ContentView.swift in Sources */ = {isa = PBXBuildFile; fileRef = 287CA7392C1F3FD700802FCB /* ContentView.swift */; };
		287CA7402C1F3FD700802FCB /* Resources in Resources */ = {isa = PBXBuildFile; fileRef = 287CA73A2C1F3FD700802FCB /* Resources */; };
		287CA7412C1F3FD700802FCB /* ViewModels in Resources */ = {isa = PBXBuildFile; fileRef = 287CA73B2C1F3FD700802FCB /* ViewModels */; };
		287CA7422C1F3FD700802FCB /* Views in Resources */ = {isa = PBXBuildFile; fileRef = 287CA73C2C1F3FD700802FCB /* Views */; };
		287CA7432C1F3FD700802FCB /* iOSAppTemplateApp.swift in Sources */ = {isa = PBXBuildFile; fileRef = 287CA73D2C1F3FD700802FCB /* iOSAppTemplateApp.swift */; };
/* End PBXBuildFile section */

/* Begin PBXContainerItemProxy section */
		287CA71C2C1F3F8400802FCB /* PBXContainerItemProxy */ = {
			isa = PBXContainerItemProxy;
			containerPortal = 287CA6FE2C1F3F8200802FCB /* Project object */;
			proxyType = 1;
			remoteGlobalIDString = 287CA7052C1F3F8200802FCB;
			remoteInfo = iOSAppTemplate;
		};
		287CA7262C1F3F8400802FCB /* PBXContainerItemProxy */ = {
			isa = PBXContainerItemProxy;
			containerPortal = 287CA6FE2C1F3F8200802FCB /* Project object */;
			proxyType = 1;
			remoteGlobalIDString = 287CA7052C1F3F8200802FCB;
			remoteInfo = iOSAppTemplate;
		};
/* End PBXContainerItemProxy section */

/* Begin PBXFileReference section */
		287CA7062C1F3F8200802FCB /* iOSAppTemplate.app */ = {isa = PBXFileReference; explicitFileType = wrapper.application; includeInIndex = 0; path = iOSAppTemplate.app; sourceTree = BUILT_PRODUCTS_DIR; };
		287CA71B2C1F3F8400802FCB /* iOSAppTemplateTests.xctest */ = {isa = PBXFileReference; explicitFileType = wrapper.cfbundle; includeInIndex = 0; path = iOSAppTemplateTests.xctest; sourceTree = BUILT_PRODUCTS_DIR; };
		287CA7252C1F3F8400802FCB /* iOSAppTemplateUITests.xctest */ = {isa = PBXFileReference; explicitFileType = wrapper.cfbundle; includeInIndex = 0; path = iOSAppTemplateUITests.xctest; sourceTree = BUILT_PRODUCTS_DIR; };
		287CA7382C1F3FD700802FCB /* Models */ = {isa = PBXFileReference; lastKnownFileType = folder; name = Models; path = "../../../Downloads/iOSAppTemplate-main 2/IOSAppTemplate/Models"; sourceTree = "<group>"; };
		287CA7392C1F3FD700802FCB /* ContentView.swift */ = {isa = PBXFileReference; fileEncoding = 4; lastKnownFileType = sourcecode.swift; name = ContentView.swift; path = "../../../Downloads/iOSAppTemplate-main 2/IOSAppTemplate/ContentView.swift"; sourceTree = "<group>"; };
		287CA73A2C1F3FD700802FCB /* Resources */ = {isa = PBXFileReference; lastKnownFileType = folder; name = Resources; path = "../../../Downloads/iOSAppTemplate-main 2/IOSAppTemplate/Resources"; sourceTree = "<group>"; };
		287CA73B2C1F3FD700802FCB /* ViewModels */ = {isa = PBXFileReference; lastKnownFileType = folder; name = ViewModels; path = "../../../Downloads/iOSAppTemplate-main 2/IOSAppTemplate/ViewModels"; sourceTree = "<group>"; };
		287CA73C2C1F3FD700802FCB /* Views */ = {isa = PBXFileReference; lastKnownFileType = folder; name = Views; path = "../../../Downloads/iOSAppTemplate-main 2/IOSAppTemplate/Views"; sourceTree = "<group>"; };
		287CA73D2C1F3FD700802FCB /* iOSAppTemplateApp.swift */ = {isa = PBXFileReference; fileEncoding = 4; lastKnownFileType = sourcecode.swift; name = iOSAppTemplateApp.swift; path = "../../../Downloads/iOSAppTemplate-main 2/IOSAppTemplate/iOSAppTemplateApp.swift"; sourceTree = "<group>"; };
/* End PBXFileReference section */

/* Begin PBXFrameworksBuildPhase section */
		287CA7032C1F3F8200802FCB /* Frameworks */ = {
			isa = PBXFrameworksBuildPhase;
			buildActionMask = 2147483647;
			files = (
			);
			runOnlyForDeploymentPostprocessing = 0;
		};
		287CA7182C1F3F8400802FCB /* Frameworks */ = {
			isa = PBXFrameworksBuildPhase;
			buildActionMask = 2147483647;
			files = (
			);
			runOnlyForDeploymentPostprocessing = 0;
		};
		287CA7222C1F3F8400802FCB /* Frameworks */ = {
			isa = PBXFrameworksBuildPhase;
			buildActionMask = 2147483647;
			files = (
			);
			runOnlyForDeploymentPostprocessing = 0;
		};
/* End PBXFrameworksBuildPhase section */

/* Begin PBXGroup section */
		287CA6FD2C1F3F8200802FCB = {
			isa = PBXGroup;
			children = (
				287CA7082C1F3F8200802FCB /* iOSAppTemplate */,
				287CA7072C1F3F8200802FCB /* Products */,
			);
			sourceTree = "<group>";
		};
		287CA7072C1F3F8200802FCB /* Products */ = {
			isa = PBXGroup;
			children = (
				287CA7062C1F3F8200802FCB /* iOSAppTemplate.app */,
				287CA71B2C1F3F8400802FCB /* iOSAppTemplateTests.xctest */,
				287CA7252C1F3F8400802FCB /* iOSAppTemplateUITests.xctest */,
			);
			name = Products;
			sourceTree = "<group>";
		};
		287CA7082C1F3F8200802FCB /* iOSAppTemplate */ = {
			isa = PBXGroup;
			children = (
				287CA7392C1F3FD700802FCB /* ContentView.swift */,
				287CA73D2C1F3FD700802FCB /* iOSAppTemplateApp.swift */,
				287CA7382C1F3FD700802FCB /* Models */,
				287CA73A2C1F3FD700802FCB /* Resources */,
				287CA73B2C1F3FD700802FCB /* ViewModels */,
				287CA73C2C1F3FD700802FCB /* Views */,
			);
			path = iOSAppTemplate;
			sourceTree = "<group>";
		};
/* End PBXGroup section */

/* Begin PBXNativeTarget section */
		287CA7052C1F3F8200802FCB /* iOSAppTemplate */ = {
			isa = PBXNativeTarget;
			buildConfigurationList = 287CA72F2C1F3F8400802FCB /* Build configuration list for PBXNativeTarget "iOSAppTemplate" */;
			buildPhases = (
				287CA7022C1F3F8200802FCB /* Sources */,
				287CA7032C1F3F8200802FCB /* Frameworks */,
				287CA7042C1F3F8200802FCB /* Resources */,
			);
			buildRules = (
			);
			dependencies = (
			);
			name = iOSAppTemplate;
			productName = iOSAppTemplate;
			productReference = 287CA7062C1F3F8200802FCB /* iOSAppTemplate.app */;
			productType = "com.apple.product-type.application";
		};
		287CA71A2C1F3F8400802FCB /* iOSAppTemplateTests */ = {
			isa = PBXNativeTarget;
			buildConfigurationList = 287CA7322C1F3F8400802FCB /* Build configuration list for PBXNativeTarget "iOSAppTemplateTests" */;
			buildPhases = (
				287CA7172C1F3F8400802FCB /* Sources */,
				287CA7182C1F3F8400802FCB /* Frameworks */,
				287CA7192C1F3F8400802FCB /* Resources */,
			);
			buildRules = (
			);
			dependencies = (
				287CA71D2C1F3F8400802FCB /* PBXTargetDependency */,
			);
			name = iOSAppTemplateTests;
			productName = iOSAppTemplateTests;
			productReference = 287CA71B2C1F3F8400802FCB /* iOSAppTemplateTests.xctest */;
			productType = "com.apple.product-type.bundle.unit-test";
		};
		287CA7242C1F3F8400802FCB /* iOSAppTemplateUITests */ = {
			isa = PBXNativeTarget;
			buildConfigurationList = 287CA7352C1F3F8400802FCB /* Build configuration list for PBXNativeTarget "iOSAppTemplateUITests" */;
			buildPhases = (
				287CA7212C1F3F8400802FCB /* Sources */,
				287CA7222C1F3F8400802FCB /* Frameworks */,
				287CA7232C1F3F8400802FCB /* Resources */,
			);
			buildRules = (
			);
			dependencies = (
				287CA7272C1F3F8400802FCB /* PBXTargetDependency */,
			);
			name = iOSAppTemplateUITests;
			productName = iOSAppTemplateUITests;
			productReference = 287CA7252C1F3F8400802FCB /* iOSAppTemplateUITests.xctest */;
			productType = "com.apple.product-type.bundle.ui-testing";
		};
/* End PBXNativeTarget section */

/* Begin PBXProject section */
		287CA6FE2C1F3F8200802FCB /* Project object */ = {
			isa = PBXProject;
			attributes = {
				BuildIndependentTargetsInParallel = 1;
				LastSwiftUpdateCheck = 1420;
				LastUpgradeCheck = 1420;
				TargetAttributes = {
					287CA7052C1F3F8200802FCB = {
						CreatedOnToolsVersion = 14.2;
						LastSwiftMigration = 1420;
					};
					287CA71A2C1F3F8400802FCB = {
						CreatedOnToolsVersion = 14.2;
						TestTargetID = 287CA7052C1F3F8200802FCB;
					};
					287CA7242C1F3F8400802FCB = {
						CreatedOnToolsVersion = 14.2;
						TestTargetID = 287CA7052C1F3F8200802FCB;
					};
				};
			};
			buildConfigurationList = 287CA7012C1F3F8200802FCB /* Build configuration list for PBXProject "iOSAppTemplate" */;
			compatibilityVersion = "Xcode 14.0";
			developmentRegion = en;
			hasScannedForEncodings = 0;
			knownRegions = (
				en,
				Base,
			);
			mainGroup = 287CA6FD2C1F3F8200802FCB;
			productRefGroup = 287CA7072C1F3F8200802FCB /* Products */;
			projectDirPath = "";
			projectRoot = "";
			targets = (
				287CA7052C1F3F8200802FCB /* iOSAppTemplate */,
				287CA71A2C1F3F8400802FCB /* iOSAppTemplateTests */,
				287CA7242C1F3F8400802FCB /* iOSAppTemplateUITests */,
			);
		};
/* End PBXProject section */

/* Begin PBXResourcesBuildPhase section */
		287CA7042C1F3F8200802FCB /* Resources */ = {
			isa = PBXResourcesBuildPhase;
			buildActionMask = 2147483647;
			files = (
				287CA7402C1F3FD700802FCB /* Resources in Resources */,
				287CA73E2C1F3FD700802FCB /* Models in Resources */,
				287CA7412C1F3FD700802FCB /* ViewModels in Resources */,
				287CA7422C1F3FD700802FCB /* Views in Resources */,
			);
			runOnlyForDeploymentPostprocessing = 0;
		};
		287CA7192C1F3F8400802FCB /* Resources */ = {
			isa = PBXResourcesBuildPhase;
			buildActionMask = 2147483647;
			files = (
			);
			runOnlyForDeploymentPostprocessing = 0;
		};
		287CA7232C1F3F8400802FCB /* Resources */ = {
			isa = PBXResourcesBuildPhase;
			buildActionMask = 2147483647;
			files = (
			);
			runOnlyForDeploymentPostprocessing = 0;
		};
/* End PBXResourcesBuildPhase section */

/* Begin PBXSourcesBuildPhase section */
		287CA7022C1F3F8200802FCB /* Sources */ = {
			isa = PBXSourcesBuildPhase;
			buildActionMask = 2147483647;
			files = (
				287CA73F2C1F3FD700802FCB /* ContentView.swift in Sources */,
				287CA7432C1F3FD700802FCB /* iOSAppTemplateApp.swift in Sources */,
			);
			runOnlyForDeploymentPostprocessing = 0;
		};
		287CA7172C1F3F8400802FCB /* Sources */ = {
			isa = PBXSourcesBuildPhase;
			buildActionMask = 2147483647;
			files = (
			);
			runOnlyForDeploymentPostprocessing = 0;
		};
		287CA7212C1F3F8400802FCB /* Sources */ = {
			isa = PBXSourcesBuildPhase;
			buildActionMask = 2147483647;
			files = (
			);
			runOnlyForDeploymentPostprocessing = 0;
		};
/* End PBXSourcesBuildPhase section */

/* Begin PBXTargetDependency section */
		287CA71D2C1F3F8400802FCB /* PBXTargetDependency */ = {
			isa = PBXTargetDependency;
			target = 287CA7052C1F3F8200802FCB /* iOSAppTemplate */;
			targetProxy = 287CA71C2C1F3F8400802FCB /* PBXContainerItemProxy */;
		};
		287CA7272C1F3F8400802FCB /* PBXTargetDependency */ = {
			isa = PBXTargetDependency;
			target = 287CA7052C1F3F8200802FCB /* iOSAppTemplate */;
			targetProxy = 287CA7262C1F3F8400802FCB /* PBXContainerItemProxy */;
		};
/* End PBXTargetDependency section */

/* Begin XCBuildConfiguration section */
		287CA72D2C1F3F8400802FCB /* Debug */ = {
			isa = XCBuildConfiguration;
			buildSettings = {
				ALWAYS_SEARCH_USER_PATHS = NO;
				CLANG_ANALYZER_NONNULL = YES;
				CLANG_ANALYZER_NUMBER_OBJECT_CONVERSION = YES_AGGRESSIVE;
				CLANG_CXX_LANGUAGE_STANDARD = "gnu++20";
				CLANG_ENABLE_MODULES = YES;
				CLANG_ENABLE_OBJC_ARC = YES;
				CLANG_ENABLE_OBJC_WEAK = YES;
				CLANG_WARN_BLOCK_CAPTURE_AUTORELEASING = YES;
				CLANG_WARN_BOOL_CONVERSION = YES;
				CLANG_WARN_COMMA = YES;
				CLANG_WARN_CONSTANT_CONVERSION = YES;
				CLANG_WARN_DEPRECATED_OBJC_IMPLEMENTATIONS = YES;
				CLANG_WARN_DIRECT_OBJC_ISA_USAGE = YES_ERROR;
				CLANG_WARN_DOCUMENTATION_COMMENTS = YES;
				CLANG_WARN_EMPTY_BODY = YES;
				CLANG_WARN_ENUM_CONVERSION = YES;
				CLANG_WARN_INFINITE_RECURSION = YES;
				CLANG_WARN_INT_CONVERSION = YES;
				CLANG_WARN_NON_LITERAL_NULL_CONVERSION = YES;
				CLANG_WARN_OBJC_IMPLICIT_RETAIN_SELF = YES;
				CLANG_WARN_OBJC_LITERAL_CONVERSION = YES;
				CLANG_WARN_OBJC_ROOT_CLASS = YES_ERROR;
				CLANG_WARN_QUOTED_INCLUDE_IN_FRAMEWORK_HEADER = YES;
				CLANG_WARN_RANGE_LOOP_ANALYSIS = YES;
				CLANG_WARN_STRICT_PROTOTYPES = YES;
				CLANG_WARN_SUSPICIOUS_MOVE = YES;
				CLANG_WARN_UNGUARDED_AVAILABILITY = YES_AGGRESSIVE;
				CLANG_WARN_UNREACHABLE_CODE = YES;
				CLANG_WARN__DUPLICATE_METHOD_MATCH = YES;
				COPY_PHASE_STRIP = NO;
				DEBUG_INFORMATION_FORMAT = dwarf;
				ENABLE_STRICT_OBJC_MSGSEND = YES;
				ENABLE_TESTABILITY = YES;
				GCC_C_LANGUAGE_STANDARD = gnu11;
				GCC_DYNAMIC_NO_PIC = NO;
				GCC_NO_COMMON_BLOCKS = YES;
				GCC_OPTIMIZATION_LEVEL = 0;
				GCC_PREPROCESSOR_DEFINITIONS = (
					"DEBUG=1",
					"$(inherited)",
				);
				GCC_WARN_64_TO_32_BIT_CONVERSION = YES;
				GCC_WARN_ABOUT_RETURN_TYPE = YES_ERROR;
				GCC_WARN_UNDECLARED_SELECTOR = YES;
				GCC_WARN_UNINITIALIZED_AUTOS = YES_AGGRESSIVE;
				GCC_WARN_UNUSED_FUNCTION = YES;
				GCC_WARN_UNUSED_VARIABLE = YES;
				IPHONEOS_DEPLOYMENT_TARGET = 16.2;
				MTL_ENABLE_DEBUG_INFO = INCLUDE_SOURCE;
				MTL_FAST_MATH = YES;
				ONLY_ACTIVE_ARCH = YES;
				SDKROOT = iphoneos;
				SWIFT_ACTIVE_COMPILATION_CONDITIONS = DEBUG;
				SWIFT_OPTIMIZATION_LEVEL = "-Onone";
			};
			name = Debug;
		};
		287CA72E2C1F3F8400802FCB /* Release */ = {
			isa = XCBuildConfiguration;
			buildSettings = {
				ALWAYS_SEARCH_USER_PATHS = NO;
				CLANG_ANALYZER_NONNULL = YES;
				CLANG_ANALYZER_NUMBER_OBJECT_CONVERSION = YES_AGGRESSIVE;
				CLANG_CXX_LANGUAGE_STANDARD = "gnu++20";
				CLANG_ENABLE_MODULES = YES;
				CLANG_ENABLE_OBJC_ARC = YES;
				CLANG_ENABLE_OBJC_WEAK = YES;
				CLANG_WARN_BLOCK_CAPTURE_AUTORELEASING = YES;
				CLANG_WARN_BOOL_CONVERSION = YES;
				CLANG_WARN_COMMA = YES;
				CLANG_WARN_CONSTANT_CONVERSION = YES;
				CLANG_WARN_DEPRECATED_OBJC_IMPLEMENTATIONS = YES;
				CLANG_WARN_DIRECT_OBJC_ISA_USAGE = YES_ERROR;
				CLANG_WARN_DOCUMENTATION_COMMENTS = YES;
				CLANG_WARN_EMPTY_BODY = YES;
				CLANG_WARN_ENUM_CONVERSION = YES;
				CLANG_WARN_INFINITE_RECURSION = YES;
				CLANG_WARN_INT_CONVERSION = YES;
				CLANG_WARN_NON_LITERAL_NULL_CONVERSION = YES;
				CLANG_WARN_OBJC_IMPLICIT_RETAIN_SELF = YES;
				CLANG_WARN_OBJC_LITERAL_CONVERSION = YES;
				CLANG_WARN_OBJC_ROOT_CLASS = YES_ERROR;
				CLANG_WARN_QUOTED_INCLUDE_IN_FRAMEWORK_HEADER = YES;
				CLANG_WARN_RANGE_LOOP_ANALYSIS = YES;
				CLANG_WARN_STRICT_PROTOTYPES = YES;
				CLANG_WARN_SUSPICIOUS_MOVE = YES;
				CLANG_WARN_UNGUARDED_AVAILABILITY = YES_AGGRESSIVE;
				CLANG_WARN_UNREACHABLE_CODE = YES;
				CLANG_WARN__DUPLICATE_METHOD_MATCH = YES;
				COPY_PHASE_STRIP = NO;
				DEBUG_INFORMATION_FORMAT = "dwarf-with-dsym";
				ENABLE_NS_ASSERTIONS = NO;
				ENABLE_STRICT_OBJC_MSGSEND = YES;
				GCC_C_LANGUAGE_STANDARD = gnu11;
				GCC_NO_COMMON_BLOCKS = YES;
				GCC_WARN_64_TO_32_BIT_CONVERSION = YES;
				GCC_WARN_ABOUT_RETURN_TYPE = YES_ERROR;
				GCC_WARN_UNDECLARED_SELECTOR = YES;
				GCC_WARN_UNINITIALIZED_AUTOS = YES_AGGRESSIVE;
				GCC_WARN_UNUSED_FUNCTION = YES;
				GCC_WARN_UNUSED_VARIABLE = YES;
				IPHONEOS_DEPLOYMENT_TARGET = 16.2;
				MTL_ENABLE_DEBUG_INFO = NO;
				MTL_FAST_MATH = YES;
				SDKROOT = iphoneos;
				SWIFT_COMPILATION_MODE = wholemodule;
				SWIFT_OPTIMIZATION_LEVEL = "-O";
				VALIDATE_PRODUCT = YES;
			};
			name = Release;
		};
		287CA7302C1F3F8400802FCB /* Debug */ = {
			isa = XCBuildConfiguration;
			buildSettings = {
				ASSETCATALOG_COMPILER_APPICON_NAME = AppIcon;
				ASSETCATALOG_COMPILER_GLOBAL_ACCENT_COLOR_NAME = AccentColor;
				CLANG_ENABLE_MODULES = YES;
				CODE_SIGN_STYLE = Automatic;
				CURRENT_PROJECT_VERSION = 1;
				DEVELOPMENT_ASSET_PATHS = "\"iOSAppTemplate/Preview Content\"";
				ENABLE_PREVIEWS = YES;
				GENERATE_INFOPLIST_FILE = YES;
				INFOPLIST_KEY_UIApplicationSceneManifest_Generation = YES;
				INFOPLIST_KEY_UIApplicationSupportsIndirectInputEvents = YES;
				INFOPLIST_KEY_UILaunchScreen_Generation = YES;
				INFOPLIST_KEY_UISupportedInterfaceOrientations_iPad = "UIInterfaceOrientationPortrait UIInterfaceOrientationPortraitUpsideDown UIInterfaceOrientationLandscapeLeft UIInterfaceOrientationLandscapeRight";
				INFOPLIST_KEY_UISupportedInterfaceOrientations_iPhone = "UIInterfaceOrientationPortrait UIInterfaceOrientationLandscapeLeft UIInterfaceOrientationLandscapeRight";
				LD_RUNPATH_SEARCH_PATHS = (
					"$(inherited)",
					"@executable_path/Frameworks",
				);
				MARKETING_VERSION = 1.0;
				PRODUCT_BUNDLE_IDENTIFIER = "Put-your-name-here.iOSAppTemplate";
				PRODUCT_NAME = "$(TARGET_NAME)";
				SWIFT_EMIT_LOC_STRINGS = YES;
				SWIFT_OPTIMIZATION_LEVEL = "-Onone";
				SWIFT_VERSION = 5.0;
				TARGETED_DEVICE_FAMILY = "1,2";
			};
			name = Debug;
		};
		287CA7312C1F3F8400802FCB /* Release */ = {
			isa = XCBuildConfiguration;
			buildSettings = {
				ASSETCATALOG_COMPILER_APPICON_NAME = AppIcon;
				ASSETCATALOG_COMPILER_GLOBAL_ACCENT_COLOR_NAME = AccentColor;
				CLANG_ENABLE_MODULES = YES;
				CODE_SIGN_STYLE = Automatic;
				CURRENT_PROJECT_VERSION = 1;
				DEVELOPMENT_ASSET_PATHS = "\"iOSAppTemplate/Preview Content\"";
				ENABLE_PREVIEWS = YES;
				GENERATE_INFOPLIST_FILE = YES;
				INFOPLIST_KEY_UIApplicationSceneManifest_Generation = YES;
				INFOPLIST_KEY_UIApplicationSupportsIndirectInputEvents = YES;
				INFOPLIST_KEY_UILaunchScreen_Generation = YES;
				INFOPLIST_KEY_UISupportedInterfaceOrientations_iPad = "UIInterfaceOrientationPortrait UIInterfaceOrientationPortraitUpsideDown UIInterfaceOrientationLandscapeLeft UIInterfaceOrientationLandscapeRight";
				INFOPLIST_KEY_UISupportedInterfaceOrientations_iPhone = "UIInterfaceOrientationPortrait UIInterfaceOrientationLandscapeLeft UIInterfaceOrientationLandscapeRight";
				LD_RUNPATH_SEARCH_PATHS = (
					"$(inherited)",
					"@executable_path/Frameworks",
				);
				MARKETING_VERSION = 1.0;
				PRODUCT_BUNDLE_IDENTIFIER = "Put-your-name-here.iOSAppTemplate";
				PRODUCT_NAME = "$(TARGET_NAME)";
				SWIFT_EMIT_LOC_STRINGS = YES;
				SWIFT_VERSION = 5.0;
				TARGETED_DEVICE_FAMILY = "1,2";
			};
			name = Release;
		};
		287CA7332C1F3F8400802FCB /* Debug */ = {
			isa = XCBuildConfiguration;
			buildSettings = {
				ALWAYS_EMBED_SWIFT_STANDARD_LIBRARIES = YES;
				BUNDLE_LOADER = "$(TEST_HOST)";
				CODE_SIGN_STYLE = Automatic;
				CURRENT_PROJECT_VERSION = 1;
				GENERATE_INFOPLIST_FILE = YES;
				IPHONEOS_DEPLOYMENT_TARGET = 16.2;
				MARKETING_VERSION = 1.0;
				PRODUCT_BUNDLE_IDENTIFIER = "Put-your-name-here.iOSAppTemplateTests";
				PRODUCT_NAME = "$(TARGET_NAME)";
				SWIFT_EMIT_LOC_STRINGS = NO;
				SWIFT_VERSION = 5.0;
				TARGETED_DEVICE_FAMILY = "1,2";
				TEST_HOST = "$(BUILT_PRODUCTS_DIR)/iOSAppTemplate.app/$(BUNDLE_EXECUTABLE_FOLDER_PATH)/iOSAppTemplate";
			};
			name = Debug;
		};
		287CA7342C1F3F8400802FCB /* Release */ = {
			isa = XCBuildConfiguration;
			buildSettings = {
				ALWAYS_EMBED_SWIFT_STANDARD_LIBRARIES = YES;
				BUNDLE_LOADER = "$(TEST_HOST)";
				CODE_SIGN_STYLE = Automatic;
				CURRENT_PROJECT_VERSION = 1;
				GENERATE_INFOPLIST_FILE = YES;
				IPHONEOS_DEPLOYMENT_TARGET = 16.2;
				MARKETING_VERSION = 1.0;
				PRODUCT_BUNDLE_IDENTIFIER = "Put-your-name-here.iOSAppTemplateTests";
				PRODUCT_NAME = "$(TARGET_NAME)";
				SWIFT_EMIT_LOC_STRINGS = NO;
				SWIFT_VERSION = 5.0;
				TARGETED_DEVICE_FAMILY = "1,2";
				TEST_HOST = "$(BUILT_PRODUCTS_DIR)/iOSAppTemplate.app/$(BUNDLE_EXECUTABLE_FOLDER_PATH)/iOSAppTemplate";
			};
			name = Release;
		};
		287CA7362C1F3F8400802FCB /* Debug */ = {
			isa = XCBuildConfiguration;
			buildSettings = {
				ALWAYS_EMBED_SWIFT_STANDARD_LIBRARIES = YES;
				CODE_SIGN_STYLE = Automatic;
				CURRENT_PROJECT_VERSION = 1;
				GENERATE_INFOPLIST_FILE = YES;
				MARKETING_VERSION = 1.0;
				PRODUCT_BUNDLE_IDENTIFIER = "Put-your-name-here.iOSAppTemplateUITests";
				PRODUCT_NAME = "$(TARGET_NAME)";
				SWIFT_EMIT_LOC_STRINGS = NO;
				SWIFT_VERSION = 5.0;
				TARGETED_DEVICE_FAMILY = "1,2";
				TEST_TARGET_NAME = iOSAppTemplate;
			};
			name = Debug;
		};
		287CA7372C1F3F8400802FCB /* Release */ = {
			isa = XCBuildConfiguration;
			buildSettings = {
				ALWAYS_EMBED_SWIFT_STANDARD_LIBRARIES = YES;
				CODE_SIGN_STYLE = Automatic;
				CURRENT_PROJECT_VERSION = 1;
				GENERATE_INFOPLIST_FILE = YES;
				MARKETING_VERSION = 1.0;
				PRODUCT_BUNDLE_IDENTIFIER = "Put-your-name-here.iOSAppTemplateUITests";
				PRODUCT_NAME = "$(TARGET_NAME)";
				SWIFT_EMIT_LOC_STRINGS = NO;
				SWIFT_VERSION = 5.0;
				TARGETED_DEVICE_FAMILY = "1,2";
				TEST_TARGET_NAME = iOSAppTemplate;
			};
			name = Release;
		};
/* End XCBuildConfiguration section */

/* Begin XCConfigurationList section */
		287CA7012C1F3F8200802FCB /* Build configuration list for PBXProject "iOSAppTemplate" */ = {
			isa = XCConfigurationList;
			buildConfigurations = (
				287CA72D2C1F3F8400802FCB /* Debug */,
				287CA72E2C1F3F8400802FCB /* Release */,
			);
			defaultConfigurationIsVisible = 0;
			defaultConfigurationName = Release;
		};
		287CA72F2C1F3F8400802FCB /* Build configuration list for PBXNativeTarget "iOSAppTemplate" */ = {
			isa = XCConfigurationList;
			buildConfigurations = (
				287CA7302C1F3F8400802FCB /* Debug */,
				287CA7312C1F3F8400802FCB /* Release */,
			);
			defaultConfigurationIsVisible = 0;
			defaultConfigurationName = Release;
		};
		287CA7322C1F3F8400802FCB /* Build configuration list for PBXNativeTarget "iOSAppTemplateTests" */ = {
			isa = XCConfigurationList;
			buildConfigurations = (
				287CA7332C1F3F8400802FCB /* Debug */,
				287CA7342C1F3F8400802FCB /* Release */,
			);
			defaultConfigurationIsVisible = 0;
			defaultConfigurationName = Release;
		};
		287CA7352C1F3F8400802FCB /* Build configuration list for PBXNativeTarget "iOSAppTemplateUITests" */ = {
			isa = XCConfigurationList;
			buildConfigurations = (
				287CA7362C1F3F8400802FCB /* Debug */,
				287CA7372C1F3F8400802FCB /* Release */,
			);
			defaultConfigurationIsVisible = 0;
			defaultConfigurationName = Release;
		};
/* End XCConfigurationList section */
	};
	rootObject = 287CA6FE2C1F3F8200802FCB /* Project object */;
}
